
Microsoft Visual Studio Solution File, Format Version 12.00
# Visual Studio Version 17
VisualStudioVersion = 17.5.002.0
MinimumVisualStudioVersion = 10.0.40219.1
Project("{9A19103F-16F7-4668-BE54-9A1E7A4F7556}") = "BLL", "BLL\BLL.csproj", "{715B403E-E12C-4F9F-B661-D0DF1BF52720}"
EndProject
Project("{9A19103F-16F7-4668-BE54-9A1E7A4F7556}") = "BOL", "BOL\BOL.csproj", "{38A54171-5B25-4BF9-BC7E-053C2175E9FB}"
EndProject
Project("{9A19103F-16F7-4668-BE54-9A1E7A4F7556}") = "DAL", "DAL\DAL.csproj", "{12B6AEB2-5194-468E-9E98-0A79C204BFC7}"
EndProject
Project("{9A19103F-16F7-4668-BE54-9A1E7A4F7556}") = "Product", "Product\Product.csproj", "{1BF9281A-4584-4E8F-83F6-562A2C5AB315}"
EndProject
Global
	GlobalSection(SolutionConfigurationPlatforms) = preSolution
		Debug|Any CPU = Debug|Any CPU
		Release|Any CPU = Release|Any CPU
	EndGlobalSection
	GlobalSection(ProjectConfigurationPlatforms) = postSolution
		{715B403E-E12C-4F9F-B661-D0DF1BF52720}.Debug|Any CPU.ActiveCfg = Debug|Any CPU
		{715B403E-E12C-4F9F-B661-D0DF1BF52720}.Debug|Any CPU.Build.0 = Debug|Any CPU
		{715B403E-E12C-4F9F-B661-D0DF1BF52720}.Release|Any CPU.ActiveCfg = Release|Any CPU
		{715B403E-E12C-4F9F-B661-D0DF1BF52720}.Release|Any CPU.Build.0 = Release|Any CPU
		{38A54171-5B25-4BF9-BC7E-053C2175E9FB}.Debug|Any CPU.ActiveCfg = Debug|Any CPU
		{38A54171-5B25-4BF9-BC7E-053C2175E9FB}.Debug|Any CPU.Build.0 = Debug|Any CPU
		{38A54171-5B25-4BF9-BC7E-053C2175E9FB}.Release|Any CPU.ActiveCfg = Release|Any CPU
		{38A54171-5B25-4BF9-BC7E-053C2175E9FB}.Release|Any CPU.Build.0 = Release|Any CPU
		{12B6AEB2-5194-468E-9E98-0A79C204BFC7}.Debug|Any CPU.ActiveCfg = Debug|Any CPU
		{12B6AEB2-5194-468E-9E98-0A79C204BFC7}.Debug|Any CPU.Build.0 = Debug|Any CPU
		{12B6AEB2-5194-468E-9E98-0A79C204BFC7}.Release|Any CPU.ActiveCfg = Release|Any CPU
		{12B6AEB2-5194-468E-9E98-0A79C204BFC7}.Release|Any CPU.Build.0 = Release|Any CPU
		{1BF9281A-4584-4E8F-83F6-562A2C5AB315}.Debug|Any CPU.ActiveCfg = Debug|Any CPU
		{1BF9281A-4584-4E8F-83F6-562A2C5AB315}.Debug|Any CPU.Build.0 = Debug|Any CPU
		{1BF9281A-4584-4E8F-83F6-562A2C5AB315}.Release|Any CPU.ActiveCfg = Release|Any CPU
		{1BF9281A-4584-4E8F-83F6-562A2C5AB315}.Release|Any CPU.Build.0 = Release|Any CPU
	EndGlobalSection
	GlobalSection(SolutionProperties) = preSolution
		HideSolutionNode = FALSE
	EndGlobalSection
	GlobalSection(ExtensibilityGlobals) = postSolution
		SolutionGuid = {0911164E-0A9F-435D-80EE-387A90793E7D}
	EndGlobalSection
EndGlobal
